
Microsoft Visual Studio Solution File, Format Version 12.00
# Visual Studio Version 17
VisualStudioVersion = 17.14.36429.23 d17.14
MinimumVisualStudioVersion = 10.0.40219.1
Project("{FAE04EC0-301F-11D3-BF4B-00C04F79EFBC}") = "Numbers Metods", "Numbers Metods\Numbers Metods.csproj", "{143F1F54-4088-4A6B-A269-E187F9E0E5BA}"
EndProject
Global
	GlobalSection(SolutionConfigurationPlatforms) = preSolution
		Debug|Any CPU = Debug|Any CPU
		Release|Any CPU = Release|Any CPU
	EndGlobalSection
	GlobalSection(ProjectConfigurationPlatforms) = postSolution
		{143F1F54-4088-4A6B-A269-E187F9E0E5BA}.Debug|Any CPU.ActiveCfg = Debug|Any CPU
		{143F1F54-4088-4A6B-A269-E187F9E0E5BA}.Debug|Any CPU.Build.0 = Debug|Any CPU
		{143F1F54-4088-4A6B-A269-E187F9E0E5BA}.Release|Any CPU.ActiveCfg = Release|Any CPU
		{143F1F54-4088-4A6B-A269-E187F9E0E5BA}.Release|Any CPU.Build.0 = Release|Any CPU
	EndGlobalSection
	GlobalSection(SolutionProperties) = preSolution
		HideSolutionNode = FALSE
	EndGlobalSection
	GlobalSection(ExtensibilityGlobals) = postSolution
		SolutionGuid = {FC472F2C-BA5F-4028-A32E-5E5FD3E8EB0D}
	EndGlobalSection
EndGlobal
